Microsoft Visual Studio Solution File, Format Version 12.00
# Visual Studio Version 18
VisualStudioVersion = 18.0.0.0
MinimumVisualStudioVersion = 10.0.40219.1
Project("{FAE04EC0-301F-11D3-BF4B-00C04F79EFBC}") = "PepSlotMachine.Client", "PepSlotMachine.Client\PepSlotMachine.Client.csproj", "{01A823D7-AF5A-41F8-92AE-3DF557D9AE26}"
EndProject
Project("{FAE04EC0-301F-11D3-BF4B-00C04F79EFBC}") = "PepSlotMachine.Server", "PepSlotMachine.Server\PepSlotMachine.Server.csproj", "{9FB8DDB6-83F9-4AC2-9B37-B2562CF399AF}"
EndProject
Global
    GlobalSection(SolutionConfigurationPlatforms) = preSolution
        Debug|Any CPU = Debug|Any CPU
        Release|Any CPU = Release|Any CPU
    EndGlobalSection
    GlobalSection(ProjectConfigurationPlatforms) = postSolution
        {01A823D7-AF5A-41F8-92AE-3DF557D9AE26}.Debug|Any CPU.ActiveCfg = Debug|Any CPU
        {01A823D7-AF5A-41F8-92AE-3DF557D9AE26}.Debug|Any CPU.Build.0 = Debug|Any CPU
        {01A823D7-AF5A-41F8-92AE-3DF557D9AE26}.Release|Any CPU.ActiveCfg = Release|Any CPU
        {01A823D7-AF5A-41F8-92AE-3DF557D9AE26}.Release|Any CPU.Build.0 = Release|Any CPU
        {9FB8DDB6-83F9-4AC2-9B37-B2562CF399AF}.Debug|Any CPU.ActiveCfg = Debug|Any CPU
        {9FB8DDB6-83F9-4AC2-9B37-B2562CF399AF}.Debug|Any CPU.Build.0 = Debug|Any CPU
        {9FB8DDB6-83F9-4AC2-9B37-B2562CF399AF}.Release|Any CPU.ActiveCfg = Release|Any CPU
        {9FB8DDB6-83F9-4AC2-9B37-B2562CF399AF}.Release|Any CPU.Build.0 = Release|Any CPU
    EndGlobalSection
EndGlobal
